
Microsoft Visual Studio Solution File, Format Version 10.00
# Visual Studio 2008
Project("{8BC9CEB8-8B4A-11D0-8D11-00A0C91BC942}") = "Manilla2D-DevTools-EnableM2D", "Manilla2D-DevTools-EnableM2D\Manilla2D-DevTools-EnableM2D.vcproj", "{3B0400F5-C03D-41C5-9ACB-A72ACA30EC81}"
EndProject
Project("{8BC9CEB8-8B4A-11D0-8D11-00A0C91BC942}") = "Manilla2D-DevTools-DisableM2D", "Manilla2D-DevTools-DisableM2D\Manilla2D-DevTools-DisableM2D.vcproj", "{0A114824-9E83-4212-93AD-4D59C0C6B595}"
EndProject
Project("{B900F1C2-3D47-4FEC-85B3-04AAF18C3634}") = "Manilla2D-DevToolsCab", "Manilla2D-DevToolsCab\Manilla2D-DevToolsCab.vddproj", "{5C12A634-133B-4355-8A77-61B0AF009ACF}"
EndProject
Global
	GlobalSection(SolutionConfigurationPlatforms) = preSolution
		Debug|Windows Mobile 6 Professional SDK (ARMV4I) = Debug|Windows Mobile 6 Professional SDK (ARMV4I)
		Release|Windows Mobile 6 Professional SDK (ARMV4I) = Release|Windows Mobile 6 Professional SDK (ARMV4I)
	EndGlobalSection
	GlobalSection(ProjectConfigurationPlatforms) = postSolution
		{3B0400F5-C03D-41C5-9ACB-A72ACA30EC81}.Debug|Windows Mobile 6 Professional SDK (ARMV4I).ActiveCfg = Debug|Windows Mobile 6 Professional SDK (ARMV4I)
		{3B0400F5-C03D-41C5-9ACB-A72ACA30EC81}.Debug|Windows Mobile 6 Professional SDK (ARMV4I).Build.0 = Debug|Windows Mobile 6 Professional SDK (ARMV4I)
		{3B0400F5-C03D-41C5-9ACB-A72ACA30EC81}.Debug|Windows Mobile 6 Professional SDK (ARMV4I).Deploy.0 = Debug|Windows Mobile 6 Professional SDK (ARMV4I)
		{3B0400F5-C03D-41C5-9ACB-A72ACA30EC81}.Release|Windows Mobile 6 Professional SDK (ARMV4I).ActiveCfg = Release|Windows Mobile 6 Professional SDK (ARMV4I)
		{3B0400F5-C03D-41C5-9ACB-A72ACA30EC81}.Release|Windows Mobile 6 Professional SDK (ARMV4I).Build.0 = Release|Windows Mobile 6 Professional SDK (ARMV4I)
		{3B0400F5-C03D-41C5-9ACB-A72ACA30EC81}.Release|Windows Mobile 6 Professional SDK (ARMV4I).Deploy.0 = Release|Windows Mobile 6 Professional SDK (ARMV4I)
		{0A114824-9E83-4212-93AD-4D59C0C6B595}.Debug|Windows Mobile 6 Professional SDK (ARMV4I).ActiveCfg = Debug|Windows Mobile 6 Professional SDK (ARMV4I)
		{0A114824-9E83-4212-93AD-4D59C0C6B595}.Debug|Windows Mobile 6 Professional SDK (ARMV4I).Build.0 = Debug|Windows Mobile 6 Professional SDK (ARMV4I)
		{0A114824-9E83-4212-93AD-4D59C0C6B595}.Debug|Windows Mobile 6 Professional SDK (ARMV4I).Deploy.0 = Debug|Windows Mobile 6 Professional SDK (ARMV4I)
		{0A114824-9E83-4212-93AD-4D59C0C6B595}.Release|Windows Mobile 6 Professional SDK (ARMV4I).ActiveCfg = Release|Windows Mobile 6 Professional SDK (ARMV4I)
		{0A114824-9E83-4212-93AD-4D59C0C6B595}.Release|Windows Mobile 6 Professional SDK (ARMV4I).Build.0 = Release|Windows Mobile 6 Professional SDK (ARMV4I)
		{0A114824-9E83-4212-93AD-4D59C0C6B595}.Release|Windows Mobile 6 Professional SDK (ARMV4I).Deploy.0 = Release|Windows Mobile 6 Professional SDK (ARMV4I)
		{5C12A634-133B-4355-8A77-61B0AF009ACF}.Debug|Windows Mobile 6 Professional SDK (ARMV4I).ActiveCfg = Debug
		{5C12A634-133B-4355-8A77-61B0AF009ACF}.Debug|Windows Mobile 6 Professional SDK (ARMV4I).Build.0 = Debug
		{5C12A634-133B-4355-8A77-61B0AF009ACF}.Debug|Windows Mobile 6 Professional SDK (ARMV4I).Deploy.0 = Debug
		{5C12A634-133B-4355-8A77-61B0AF009ACF}.Release|Windows Mobile 6 Professional SDK (ARMV4I).ActiveCfg = Release
		{5C12A634-133B-4355-8A77-61B0AF009ACF}.Release|Windows Mobile 6 Professional SDK (ARMV4I).Build.0 = Release
	EndGlobalSection
	GlobalSection(SolutionProperties) = preSolution
		HideSolutionNode = FALSE
	EndGlobalSection
EndGlobal
