
Microsoft Visual Studio Solution File, Format Version 10.00
# Visual Studio 2008
Project("{B900F1C2-3D47-4FEC-85B3-04AAF18C3634}") = "Manilla2D-DevToolsCab", "Manilla2D-DevToolsCab\Manilla2D-DevToolsCab.vddproj", "{5C12A634-133B-4355-8A77-61B0AF009ACF}"
EndProject
Project("{8BC9CEB8-8B4A-11D0-8D11-00A0C91BC942}") = "Manilla2D-DevTools-EnableM2D-App", "Manilla2D-DevTools-EnableM2D-App\Manilla2D-DevTools-EnableM2D-App.vcproj", "{E4FD4360-C570-4953-9FBE-155F24FD6FD3}"
EndProject
Project("{8BC9CEB8-8B4A-11D0-8D11-00A0C91BC942}") = "Manilla2D-DevTools-EnableM2D-Plugin", "Manilla2D-DevTools-EnableM2D-Plugin\Manilla2D-DevTools-EnableM2D-Plugin.vcproj", "{321C9FA7-E68F-4D12-ABAC-435DB0156A73}"
EndProject
Project("{8BC9CEB8-8B4A-11D0-8D11-00A0C91BC942}") = "Manilla2D-DevTools-DisableM2D-App", "Manilla2D-DevTools-DisableM2D-App\Manilla2D-DevTools-DisableM2D-App.vcproj", "{CCA75C8A-1B75-4896-AEDF-550ABCB84DC1}"
EndProject
Global
	GlobalSection(SolutionConfigurationPlatforms) = preSolution
		Debug|Windows Mobile 6 Professional SDK (ARMV4I) = Debug|Windows Mobile 6 Professional SDK (ARMV4I)
		Release|Windows Mobile 6 Professional SDK (ARMV4I) = Release|Windows Mobile 6 Professional SDK (ARMV4I)
	EndGlobalSection
	GlobalSection(ProjectConfigurationPlatforms) = postSolution
		{5C12A634-133B-4355-8A77-61B0AF009ACF}.Debug|Windows Mobile 6 Professional SDK (ARMV4I).ActiveCfg = Debug
		{5C12A634-133B-4355-8A77-61B0AF009ACF}.Debug|Windows Mobile 6 Professional SDK (ARMV4I).Build.0 = Debug
		{5C12A634-133B-4355-8A77-61B0AF009ACF}.Debug|Windows Mobile 6 Professional SDK (ARMV4I).Deploy.0 = Debug
		{5C12A634-133B-4355-8A77-61B0AF009ACF}.Release|Windows Mobile 6 Professional SDK (ARMV4I).ActiveCfg = Release
		{5C12A634-133B-4355-8A77-61B0AF009ACF}.Release|Windows Mobile 6 Professional SDK (ARMV4I).Build.0 = Release
		{E4FD4360-C570-4953-9FBE-155F24FD6FD3}.Debug|Windows Mobile 6 Professional SDK (ARMV4I).ActiveCfg = Debug|Windows Mobile 6 Professional SDK (ARMV4I)
		{E4FD4360-C570-4953-9FBE-155F24FD6FD3}.Debug|Windows Mobile 6 Professional SDK (ARMV4I).Build.0 = Debug|Windows Mobile 6 Professional SDK (ARMV4I)
		{E4FD4360-C570-4953-9FBE-155F24FD6FD3}.Debug|Windows Mobile 6 Professional SDK (ARMV4I).Deploy.0 = Debug|Windows Mobile 6 Professional SDK (ARMV4I)
		{E4FD4360-C570-4953-9FBE-155F24FD6FD3}.Release|Windows Mobile 6 Professional SDK (ARMV4I).ActiveCfg = Release|Windows Mobile 6 Professional SDK (ARMV4I)
		{E4FD4360-C570-4953-9FBE-155F24FD6FD3}.Release|Windows Mobile 6 Professional SDK (ARMV4I).Build.0 = Release|Windows Mobile 6 Professional SDK (ARMV4I)
		{E4FD4360-C570-4953-9FBE-155F24FD6FD3}.Release|Windows Mobile 6 Professional SDK (ARMV4I).Deploy.0 = Release|Windows Mobile 6 Professional SDK (ARMV4I)
		{321C9FA7-E68F-4D12-ABAC-435DB0156A73}.Debug|Windows Mobile 6 Professional SDK (ARMV4I).ActiveCfg = Debug|Windows Mobile 6 Professional SDK (ARMV4I)
		{321C9FA7-E68F-4D12-ABAC-435DB0156A73}.Debug|Windows Mobile 6 Professional SDK (ARMV4I).Build.0 = Debug|Windows Mobile 6 Professional SDK (ARMV4I)
		{321C9FA7-E68F-4D12-ABAC-435DB0156A73}.Debug|Windows Mobile 6 Professional SDK (ARMV4I).Deploy.0 = Debug|Windows Mobile 6 Professional SDK (ARMV4I)
		{321C9FA7-E68F-4D12-ABAC-435DB0156A73}.Release|Windows Mobile 6 Professional SDK (ARMV4I).ActiveCfg = Release|Windows Mobile 6 Professional SDK (ARMV4I)
		{321C9FA7-E68F-4D12-ABAC-435DB0156A73}.Release|Windows Mobile 6 Professional SDK (ARMV4I).Build.0 = Release|Windows Mobile 6 Professional SDK (ARMV4I)
		{321C9FA7-E68F-4D12-ABAC-435DB0156A73}.Release|Windows Mobile 6 Professional SDK (ARMV4I).Deploy.0 = Release|Windows Mobile 6 Professional SDK (ARMV4I)
		{CCA75C8A-1B75-4896-AEDF-550ABCB84DC1}.Debug|Windows Mobile 6 Professional SDK (ARMV4I).ActiveCfg = Debug|Windows Mobile 6 Professional SDK (ARMV4I)
		{CCA75C8A-1B75-4896-AEDF-550ABCB84DC1}.Debug|Windows Mobile 6 Professional SDK (ARMV4I).Build.0 = Debug|Windows Mobile 6 Professional SDK (ARMV4I)
		{CCA75C8A-1B75-4896-AEDF-550ABCB84DC1}.Debug|Windows Mobile 6 Professional SDK (ARMV4I).Deploy.0 = Debug|Windows Mobile 6 Professional SDK (ARMV4I)
		{CCA75C8A-1B75-4896-AEDF-550ABCB84DC1}.Release|Windows Mobile 6 Professional SDK (ARMV4I).ActiveCfg = Release|Windows Mobile 6 Professional SDK (ARMV4I)
		{CCA75C8A-1B75-4896-AEDF-550ABCB84DC1}.Release|Windows Mobile 6 Professional SDK (ARMV4I).Build.0 = Release|Windows Mobile 6 Professional SDK (ARMV4I)
		{CCA75C8A-1B75-4896-AEDF-550ABCB84DC1}.Release|Windows Mobile 6 Professional SDK (ARMV4I).Deploy.0 = Release|Windows Mobile 6 Professional SDK (ARMV4I)
	EndGlobalSection
	GlobalSection(SolutionProperties) = preSolution
		HideSolutionNode = FALSE
	EndGlobalSection
EndGlobal
